
Microsoft Visual Studio Solution File, Format Version 12.00
# Visual Studio Version 17
VisualStudioVersion = 17.0.32014.148
MinimumVisualStudioVersion = 10.0.40219.1
Project("{9A19103F-16F7-4668-BE54-9A1E7A4F7556}") = "Notary", "library\core\Notary.csproj", "{22808892-41E4-4D60-AC55-4E80454307DE}"
EndProject
Project("{9A19103F-16F7-4668-BE54-9A1E7A4F7556}") = "Notary.Data", "library\data\Notary.Data.csproj", "{2C19EF4B-250F-454A-B688-7398D61C0FB8}"
EndProject
Project("{9A19103F-16F7-4668-BE54-9A1E7A4F7556}") = "Notary.Service", "library\service\Notary.Service.csproj", "{8352E625-3962-48BB-BCAC-ADEE832CF23D}"
EndProject
Project("{9A19103F-16F7-4668-BE54-9A1E7A4F7556}") = "Notary.Api", "api\Notary.Api.csproj", "{E061C2BC-027D-40E7-9B49-4E87ABAFDAE8}"
EndProject
Project("{9A19103F-16F7-4668-BE54-9A1E7A4F7556}") = "Notary.Test", "test\Notary.Test.csproj", "{9D398B2A-D49A-462B-B63F-AC33743FDE29}"
EndProject
Project("{9A19103F-16F7-4668-BE54-9A1E7A4F7556}") = "Notary.Web", "web\Notary.Web.csproj", "{DE8A34B4-0A9F-4381-97B9-BD1819AEABFB}"
EndProject
Global
	GlobalSection(SolutionConfigurationPlatforms) = preSolution
		Debug|Any CPU = Debug|Any CPU
		Debug|ARM64 = Debug|ARM64
		Release|Any CPU = Release|Any CPU
		Release|ARM64 = Release|ARM64
	EndGlobalSection
	GlobalSection(ProjectConfigurationPlatforms) = postSolution
		{22808892-41E4-4D60-AC55-4E80454307DE}.Debug|Any CPU.ActiveCfg = Debug|Any CPU
		{22808892-41E4-4D60-AC55-4E80454307DE}.Debug|Any CPU.Build.0 = Debug|Any CPU
		{22808892-41E4-4D60-AC55-4E80454307DE}.Debug|ARM64.ActiveCfg = Debug|ARM64
		{22808892-41E4-4D60-AC55-4E80454307DE}.Debug|ARM64.Build.0 = Debug|ARM64
		{22808892-41E4-4D60-AC55-4E80454307DE}.Release|Any CPU.ActiveCfg = Release|Any CPU
		{22808892-41E4-4D60-AC55-4E80454307DE}.Release|Any CPU.Build.0 = Release|Any CPU
		{22808892-41E4-4D60-AC55-4E80454307DE}.Release|ARM64.ActiveCfg = Release|ARM64
		{22808892-41E4-4D60-AC55-4E80454307DE}.Release|ARM64.Build.0 = Release|ARM64
		{2C19EF4B-250F-454A-B688-7398D61C0FB8}.Debug|Any CPU.ActiveCfg = Debug|Any CPU
		{2C19EF4B-250F-454A-B688-7398D61C0FB8}.Debug|Any CPU.Build.0 = Debug|Any CPU
		{2C19EF4B-250F-454A-B688-7398D61C0FB8}.Debug|ARM64.ActiveCfg = Debug|ARM64
		{2C19EF4B-250F-454A-B688-7398D61C0FB8}.Debug|ARM64.Build.0 = Debug|ARM64
		{2C19EF4B-250F-454A-B688-7398D61C0FB8}.Release|Any CPU.ActiveCfg = Release|Any CPU
		{2C19EF4B-250F-454A-B688-7398D61C0FB8}.Release|Any CPU.Build.0 = Release|Any CPU
		{2C19EF4B-250F-454A-B688-7398D61C0FB8}.Release|ARM64.ActiveCfg = Release|ARM64
		{2C19EF4B-250F-454A-B688-7398D61C0FB8}.Release|ARM64.Build.0 = Release|ARM64
		{8352E625-3962-48BB-BCAC-ADEE832CF23D}.Debug|Any CPU.ActiveCfg = Debug|Any CPU
		{8352E625-3962-48BB-BCAC-ADEE832CF23D}.Debug|Any CPU.Build.0 = Debug|Any CPU
		{8352E625-3962-48BB-BCAC-ADEE832CF23D}.Debug|ARM64.ActiveCfg = Debug|ARM64
		{8352E625-3962-48BB-BCAC-ADEE832CF23D}.Debug|ARM64.Build.0 = Debug|ARM64
		{8352E625-3962-48BB-BCAC-ADEE832CF23D}.Release|Any CPU.ActiveCfg = Release|Any CPU
		{8352E625-3962-48BB-BCAC-ADEE832CF23D}.Release|Any CPU.Build.0 = Release|Any CPU
		{8352E625-3962-48BB-BCAC-ADEE832CF23D}.Release|ARM64.ActiveCfg = Release|ARM64
		{8352E625-3962-48BB-BCAC-ADEE832CF23D}.Release|ARM64.Build.0 = Release|ARM64
		{E061C2BC-027D-40E7-9B49-4E87ABAFDAE8}.Debug|Any CPU.ActiveCfg = Debug|Any CPU
		{E061C2BC-027D-40E7-9B49-4E87ABAFDAE8}.Debug|Any CPU.Build.0 = Debug|Any CPU
		{E061C2BC-027D-40E7-9B49-4E87ABAFDAE8}.Debug|ARM64.ActiveCfg = Debug|ARM64
		{E061C2BC-027D-40E7-9B49-4E87ABAFDAE8}.Debug|ARM64.Build.0 = Debug|ARM64
		{E061C2BC-027D-40E7-9B49-4E87ABAFDAE8}.Release|Any CPU.ActiveCfg = Release|Any CPU
		{E061C2BC-027D-40E7-9B49-4E87ABAFDAE8}.Release|Any CPU.Build.0 = Release|Any CPU
		{E061C2BC-027D-40E7-9B49-4E87ABAFDAE8}.Release|ARM64.ActiveCfg = Release|ARM64
		{E061C2BC-027D-40E7-9B49-4E87ABAFDAE8}.Release|ARM64.Build.0 = Release|ARM64
		{9D398B2A-D49A-462B-B63F-AC33743FDE29}.Debug|Any CPU.ActiveCfg = Debug|Any CPU
		{9D398B2A-D49A-462B-B63F-AC33743FDE29}.Debug|Any CPU.Build.0 = Debug|Any CPU
		{9D398B2A-D49A-462B-B63F-AC33743FDE29}.Debug|ARM64.ActiveCfg = Debug|ARM64
		{9D398B2A-D49A-462B-B63F-AC33743FDE29}.Debug|ARM64.Build.0 = Debug|ARM64
		{9D398B2A-D49A-462B-B63F-AC33743FDE29}.Release|Any CPU.ActiveCfg = Release|Any CPU
		{9D398B2A-D49A-462B-B63F-AC33743FDE29}.Release|Any CPU.Build.0 = Release|Any CPU
		{9D398B2A-D49A-462B-B63F-AC33743FDE29}.Release|ARM64.ActiveCfg = Release|ARM64
		{9D398B2A-D49A-462B-B63F-AC33743FDE29}.Release|ARM64.Build.0 = Release|ARM64
		{DE8A34B4-0A9F-4381-97B9-BD1819AEABFB}.Debug|Any CPU.ActiveCfg = Debug|Any CPU
		{DE8A34B4-0A9F-4381-97B9-BD1819AEABFB}.Debug|Any CPU.Build.0 = Debug|Any CPU
		{DE8A34B4-0A9F-4381-97B9-BD1819AEABFB}.Debug|ARM64.ActiveCfg = Debug|ARM64
		{DE8A34B4-0A9F-4381-97B9-BD1819AEABFB}.Debug|ARM64.Build.0 = Debug|ARM64
		{DE8A34B4-0A9F-4381-97B9-BD1819AEABFB}.Release|Any CPU.ActiveCfg = Release|Any CPU
		{DE8A34B4-0A9F-4381-97B9-BD1819AEABFB}.Release|Any CPU.Build.0 = Release|Any CPU
		{DE8A34B4-0A9F-4381-97B9-BD1819AEABFB}.Release|ARM64.ActiveCfg = Release|ARM64
		{DE8A34B4-0A9F-4381-97B9-BD1819AEABFB}.Release|ARM64.Build.0 = Release|ARM64
	EndGlobalSection
	GlobalSection(SolutionProperties) = preSolution
		HideSolutionNode = FALSE
	EndGlobalSection
	GlobalSection(ExtensibilityGlobals) = postSolution
		SolutionGuid = {853CC620-040D-4411-8C3B-DB23E1113E9A}
	EndGlobalSection
EndGlobal
